
Microsoft Visual Studio Solution File, Format Version 11.00
# Visual Studio 2010
Project("{FAE04EC0-301F-11D3-BF4B-00C04F79EFBC}") = "AutoUpdater", "AutoUpdater\AutoUpdater.csproj", "{2F3CDD47-37C9-4AF5-9801-70024E5A1E90}"
EndProject
Project("{54435603-DBB4-11D2-8724-00A0C9A8B90C}") = "AutoUpSetup", "AutoUpSetup\AutoUpSetup.vdproj", "{A65D144D-4210-4D2A-AF32-6BF0079C25FE}"
EndProject
Global
	GlobalSection(SolutionConfigurationPlatforms) = preSolution
		Debug|Any CPU = Debug|Any CPU
		Debug|Mixed Platforms = Debug|Mixed Platforms
		Debug|x86 = Debug|x86
		Release|Any CPU = Release|Any CPU
		Release|Mixed Platforms = Release|Mixed Platforms
		Release|x86 = Release|x86
	EndGlobalSection
	GlobalSection(ProjectConfigurationPlatforms) = postSolution
		{2F3CDD47-37C9-4AF5-9801-70024E5A1E90}.Debug|Any CPU.ActiveCfg = Debug|x86
		{2F3CDD47-37C9-4AF5-9801-70024E5A1E90}.Debug|Mixed Platforms.ActiveCfg = Debug|x86
		{2F3CDD47-37C9-4AF5-9801-70024E5A1E90}.Debug|Mixed Platforms.Build.0 = Debug|x86
		{2F3CDD47-37C9-4AF5-9801-70024E5A1E90}.Debug|x86.ActiveCfg = Debug|x86
		{2F3CDD47-37C9-4AF5-9801-70024E5A1E90}.Debug|x86.Build.0 = Debug|x86
		{2F3CDD47-37C9-4AF5-9801-70024E5A1E90}.Release|Any CPU.ActiveCfg = Release|x86
		{2F3CDD47-37C9-4AF5-9801-70024E5A1E90}.Release|Mixed Platforms.ActiveCfg = Release|x86
		{2F3CDD47-37C9-4AF5-9801-70024E5A1E90}.Release|Mixed Platforms.Build.0 = Release|x86
		{2F3CDD47-37C9-4AF5-9801-70024E5A1E90}.Release|x86.ActiveCfg = Release|x86
		{2F3CDD47-37C9-4AF5-9801-70024E5A1E90}.Release|x86.Build.0 = Release|x86
		{A65D144D-4210-4D2A-AF32-6BF0079C25FE}.Debug|Any CPU.ActiveCfg = Debug
		{A65D144D-4210-4D2A-AF32-6BF0079C25FE}.Debug|Mixed Platforms.ActiveCfg = Debug
		{A65D144D-4210-4D2A-AF32-6BF0079C25FE}.Debug|x86.ActiveCfg = Debug
		{A65D144D-4210-4D2A-AF32-6BF0079C25FE}.Release|Any CPU.ActiveCfg = Release
		{A65D144D-4210-4D2A-AF32-6BF0079C25FE}.Release|Mixed Platforms.ActiveCfg = Release
		{A65D144D-4210-4D2A-AF32-6BF0079C25FE}.Release|x86.ActiveCfg = Release
	EndGlobalSection
	GlobalSection(SolutionProperties) = preSolution
		HideSolutionNode = FALSE
	EndGlobalSection
EndGlobal
